
Microsoft Visual Studio Solution File, Format Version 12.00
# Visual Studio Version 16
VisualStudioVersion = 16.0.30406.217
MinimumVisualStudioVersion = 10.0.40219.1
Project("{FAE04EC0-301F-11D3-BF4B-00C04F79EFBC}") = "BankEncapsulation", "BankEncapsulation\BankEncapsulation.csproj", "{7F884326-4E73-43DC-A38E-6E8DCD05B95A}"
EndProject
Global
	GlobalSection(SolutionConfigurationPlatforms) = preSolution
		Debug|Any CPU = Debug|Any CPU
		Release|Any CPU = Release|Any CPU
	EndGlobalSection
	GlobalSection(ProjectConfigurationPlatforms) = postSolution
		{7F884326-4E73-43DC-A38E-6E8DCD05B95A}.Debug|Any CPU.ActiveCfg = Debug|Any CPU
		{7F884326-4E73-43DC-A38E-6E8DCD05B95A}.Debug|Any CPU.Build.0 = Debug|Any CPU
		{7F884326-4E73-43DC-A38E-6E8DCD05B95A}.Release|Any CPU.ActiveCfg = Release|Any CPU
		{7F884326-4E73-43DC-A38E-6E8DCD05B95A}.Release|Any CPU.Build.0 = Release|Any CPU
	EndGlobalSection
	GlobalSection(SolutionProperties) = preSolution
		HideSolutionNode = FALSE
	EndGlobalSection
	GlobalSection(ExtensibilityGlobals) = postSolution
		SolutionGuid = {F9E58D0F-7789-46DF-8249-C4201552BD55}
	EndGlobalSection
EndGlobal
